{
  "version": 4,
  "terraform_version": "0.12.4",
  "serial": 20,
  "lineage": "7149680f-d0e4-0261-84ea-6935e6661eef",
  "outputs": {},
  "resources": [
    {
      "mode": "data",
      "type": "archive_file",
      "name": "zipit",
      "provider": "provider.archive",
      "instances": [
        {
          "schema_version": 0,
          "attributes": {
            "excludes": null,
            "id": "be55dcbd71b01d4f94cc3f4d9dbfdcd8d8aafff1",
            "output_base64sha256": "e7fXwEWlehrKN9F8IOH4hJ7rRRWoV0HnzfjvouJAmcc=",
            "output_md5": "7090731d52453f02ff8caf09e5847089",
            "output_path": "crawler/dist/deploy.zip",
            "output_sha": "be55dcbd71b01d4f94cc3f4d9dbfdcd8d8aafff1",
            "output_size": 25070065,
            "source": [],
            "source_content": null,
            "source_content_filename": null,
            "source_dir": "crawler/dist",
            "source_file": null,
            "type": "zip"
          }
        }
      ]
    },
    {
      "mode": "managed",
      "type": "aws_lambda_function",
      "name": "test_lambda",
      "provider": "provider.aws",
      "instances": [
        {
          "schema_version": 0,
          "attributes": {
            "arn": "arn:aws:lambda:ap-southeast-2:773592622512:function:quote-crawler",
            "dead_letter_config": [],
            "description": "",
            "environment": [
              {
                "variables": {
                  "foo": "bar"
                }
              }
            ],
            "filename": "crawler/dist/deploy.zip",
            "function_name": "quote-crawler",
            "handler": "handler.handler",
            "id": "quote-crawler",
            "invoke_arn": "arn:aws:apigateway:ap-southeast-2:lambda:path/2015-03-31/functions/arn:aws:lambda:ap-southeast-2:773592622512:function:quote-crawler/invocations",
            "kms_key_arn": "",
            "last_modified": "2019-07-19T00:11:26.003+0000",
            "layers": [],
            "memory_size": 128,
            "publish": false,
            "qualified_arn": "arn:aws:lambda:ap-southeast-2:773592622512:function:quote-crawler:$LATEST",
            "reserved_concurrent_executions": -1,
            "role": "arn:aws:iam::773592622512:role/LambdaRole",
            "runtime": "python3.6",
            "s3_bucket": null,
            "s3_key": null,
            "s3_object_version": null,
            "source_code_hash": "e7fXwEWlehrKN9F8IOH4hJ7rRRWoV0HnzfjvouJAmcc=",
            "source_code_size": 25070065,
            "tags": {},
            "timeout": 3,
            "timeouts": null,
            "tracing_config": [
              {
                "mode": "PassThrough"
              }
            ],
            "version": "$LATEST",
            "vpc_config": []
          },
          "private": "eyJlMmJmYjczMC1lY2FhLTExZTYtOGY4OC0zNDM2M2JjN2M0YzAiOnsiY3JlYXRlIjo2MDAwMDAwMDAwMDB9fQ==",
          "depends_on": [
            "data.archive_file.zipit"
          ]
        }
      ]
    }
  ]
}
